
Microsoft Visual Studio Solution File, Format Version 12.00
# Visual Studio Version 16
VisualStudioVersion = 16.6.30114.105
MinimumVisualStudioVersion = 10.0.40219.1
Project("{FAE04EC0-301F-11D3-BF4B-00C04F79EFBC}") = "OzVaxProgress", "OzVaxProgress\OzVaxProgress.csproj", "{87F0C32F-A8ED-4AD2-86FD-4D5A8E9D5086}"
EndProject
Project("{FAE04EC0-301F-11D3-BF4B-00C04F79EFBC}") = "OzVaxProgress.TwitterAuthApp", "OzVaxProgress.TwitterAuthApp\OzVaxProgress.TwitterAuthApp.csproj", "{C2163BE9-ED4B-4ADF-AC5F-79FDD9F349CB}"
EndProject
Global
	GlobalSection(SolutionConfigurationPlatforms) = preSolution
		Debug|Any CPU = Debug|Any CPU
		Debug|x64 = Debug|x64
		Debug|x86 = Debug|x86
		Release|Any CPU = Release|Any CPU
		Release|x64 = Release|x64
		Release|x86 = Release|x86
	EndGlobalSection
	GlobalSection(SolutionProperties) = preSolution
		HideSolutionNode = FALSE
	EndGlobalSection
	GlobalSection(ProjectConfigurationPlatforms) = postSolution
		{87F0C32F-A8ED-4AD2-86FD-4D5A8E9D5086}.Debug|Any CPU.ActiveCfg = Debug|Any CPU
		{87F0C32F-A8ED-4AD2-86FD-4D5A8E9D5086}.Debug|Any CPU.Build.0 = Debug|Any CPU
		{87F0C32F-A8ED-4AD2-86FD-4D5A8E9D5086}.Debug|x64.ActiveCfg = Debug|Any CPU
		{87F0C32F-A8ED-4AD2-86FD-4D5A8E9D5086}.Debug|x64.Build.0 = Debug|Any CPU
		{87F0C32F-A8ED-4AD2-86FD-4D5A8E9D5086}.Debug|x86.ActiveCfg = Debug|Any CPU
		{87F0C32F-A8ED-4AD2-86FD-4D5A8E9D5086}.Debug|x86.Build.0 = Debug|Any CPU
		{87F0C32F-A8ED-4AD2-86FD-4D5A8E9D5086}.Release|Any CPU.ActiveCfg = Release|Any CPU
		{87F0C32F-A8ED-4AD2-86FD-4D5A8E9D5086}.Release|Any CPU.Build.0 = Release|Any CPU
		{87F0C32F-A8ED-4AD2-86FD-4D5A8E9D5086}.Release|x64.ActiveCfg = Release|Any CPU
		{87F0C32F-A8ED-4AD2-86FD-4D5A8E9D5086}.Release|x64.Build.0 = Release|Any CPU
		{87F0C32F-A8ED-4AD2-86FD-4D5A8E9D5086}.Release|x86.ActiveCfg = Release|Any CPU
		{87F0C32F-A8ED-4AD2-86FD-4D5A8E9D5086}.Release|x86.Build.0 = Release|Any CPU
		{C2163BE9-ED4B-4ADF-AC5F-79FDD9F349CB}.Debug|Any CPU.ActiveCfg = Debug|Any CPU
		{C2163BE9-ED4B-4ADF-AC5F-79FDD9F349CB}.Debug|Any CPU.Build.0 = Debug|Any CPU
		{C2163BE9-ED4B-4ADF-AC5F-79FDD9F349CB}.Debug|x64.ActiveCfg = Debug|Any CPU
		{C2163BE9-ED4B-4ADF-AC5F-79FDD9F349CB}.Debug|x64.Build.0 = Debug|Any CPU
		{C2163BE9-ED4B-4ADF-AC5F-79FDD9F349CB}.Debug|x86.ActiveCfg = Debug|Any CPU
		{C2163BE9-ED4B-4ADF-AC5F-79FDD9F349CB}.Debug|x86.Build.0 = Debug|Any CPU
		{C2163BE9-ED4B-4ADF-AC5F-79FDD9F349CB}.Release|Any CPU.ActiveCfg = Release|Any CPU
		{C2163BE9-ED4B-4ADF-AC5F-79FDD9F349CB}.Release|Any CPU.Build.0 = Release|Any CPU
		{C2163BE9-ED4B-4ADF-AC5F-79FDD9F349CB}.Release|x64.ActiveCfg = Release|Any CPU
		{C2163BE9-ED4B-4ADF-AC5F-79FDD9F349CB}.Release|x64.Build.0 = Release|Any CPU
		{C2163BE9-ED4B-4ADF-AC5F-79FDD9F349CB}.Release|x86.ActiveCfg = Release|Any CPU
		{C2163BE9-ED4B-4ADF-AC5F-79FDD9F349CB}.Release|x86.Build.0 = Release|Any CPU
	EndGlobalSection
EndGlobal
